# 核心依赖 - 锁定版本
fastapi==0.115.6
uvicorn==0.34.0
pydantic==2.10.4
pydantic-settings==2.7.1
python-multipart==0.0.12
starlette==0.41.3
typing_extensions==4.12.2

# 数据处理
pandas==2.2.3
polars==1.16.0
numpy==1.26.4
python-dateutil==2.9.0.post0
pytz==2024.2
tzdata==2024.2

# 数据源
akshare==1.15.26
baostock==0.8.9
yfinance==0.2.50
tushare==1.4.25
efinance==0.6.0
requests==2.32.3
aiohttp==3.11.10
beautifulsoup4==4.12.3
lxml==5.3.0
html5lib==1.1
six==1.17.0

# 技术指标
pandas-ta==0.3.14b

# 科学计算
scipy==1.14.1
statsmodels==0.14.4
patsy==1.0.1

# 机器学习
scikit-learn==1.6.0
scikit-optimize==0.9.0
threadpoolctl==3.5.0
# torch==2.5.1  # 深度学习框架，约 2GB，按需安装
# tensorflow==2.18.0  # 深度学习框架，约 2GB，按需安装

# 存储
sqlalchemy==2.0.36
aiosqlite==0.20.0
pyarrow==18.1.0
fastparquet==2024.11.0
fsspec==2024.10.0
cramjam==2.9.1

# 工具
loguru==0.7.3
python-dotenv==1.0.1
httpx==0.28.1
websockets==14.1
anyio==4.7.0
idna==3.10
certifi==2024.12.14
httpcore==1.0.7
h11==0.14.0
# redis==5.2.1  # 缓存服务，可选

# 认证与安全
PyJWT==2.10.1
python-jose==3.4.0
cryptography==44.0.0
bcrypt==4.2.1
passlib==1.7.4
ecdsa==0.19.0
rsa==4.9
pyasn1==0.6.1
cffi==1.17.1
pycparser==2.22

# 性能优化
numba==0.60.0
joblib==1.4.2
llvmlite==0.43.0

# 测试
pytest==8.3.4
pytest-asyncio==0.24.0
pytest-cov==6.0.0
coverage==7.6.9
iniconfig==2.0.0
pluggy==1.5.0

# 其他依赖
click==8.1.7
sniffio==1.3.1
exceptiongroup==1.2.2
packaging==24.2
setuptools==75.6.0
wheel==0.45.1
